// !$*UTF8*$!
{
	archiveVersion = 1;
	classes = {
	};
	objectVersion = 56;
	objects = {

/* Begin PBXBuildFile section */
		37782CD42C8E803C00913A91 /* SwiftAppApp.swift in Sources */ = {isa = PBXBuildFile; fileRef = 37782CD32C8E803C00913A91 /* SwiftAppApp.swift */; };
		37782CD62C8E803C00913A91 /* ContentView.swift in Sources */ = {isa = PBXBuildFile; fileRef = 37782CD52C8E803C00913A91 /* ContentView.swift */; };
		37782CD82C8E803D00913A91 /* Assets.xcassets in Resources */ = {isa = PBXBuildFile; fileRef = 37782CD72C8E803D00913A91 /* Assets.xcassets */; };
		37782CDB2C8E803D00913A91 /* Preview Assets.xcassets in Resources */ = {isa = PBXBuildFile; fileRef = 37782CDA2C8E803D00913A91 /* Preview Assets.xcassets */; };
		37782CE52C8E803D00913A91 /* SwiftAppTests.swift in Sources */ = {isa = PBXBuildFile; fileRef = 37782CE42C8E803D00913A91 /* SwiftAppTests.swift */; };
		37782CEF2C8E803D00913A91 /* SwiftAppUITests.swift in Sources */ = {isa = PBXBuildFile; fileRef = 37782CEE2C8E803D00913A91 /* SwiftAppUITests.swift */; };
		37782CF12C8E803D00913A91 /* SwiftAppUITestsLaunchTests.swift in Sources */ = {isa = PBXBuildFile; fileRef = 37782CF02C8E803D00913A91 /* SwiftAppUITestsLaunchTests.swift */; };
		378698E92C9CCD040096F1C3 /* MainTabLandlordView.swift in Sources */ = {isa = PBXBuildFile; fileRef = 378698E82C9CCCED0096F1C3 /* MainTabLandlordView.swift */; };
		378698EB2C9CD3600096F1C3 /* OfferModel.swift in Sources */ = {isa = PBXBuildFile; fileRef = 378698EA2C9CD3570096F1C3 /* OfferModel.swift */; };
		37DA1F3B2C97195C00880A36 /* TestVM.swift in Sources */ = {isa = PBXBuildFile; fileRef = 37DA1F3A2C97195C00880A36 /* TestVM.swift */; };
		37DA1F462C9719D700880A36 /* ColorExtensions.swift in Sources */ = {isa = PBXBuildFile; fileRef = 37DA1F452C9719D700880A36 /* ColorExtensions.swift */; };
		37DA1F4A2C971E7200880A36 /* GoogleService-Info.plist in Resources */ = {isa = PBXBuildFile; fileRef = 37DA1F492C971E7200880A36 /* GoogleService-Info.plist */; };
		37DA1F4D2C9720D700880A36 /* FirebaseAnalytics in Frameworks */ = {isa = PBXBuildFile; productRef = 37DA1F4C2C9720D700880A36 /* FirebaseAnalytics */; };
		37DA1F4F2C9720D700880A36 /* FirebaseAuth in Frameworks */ = {isa = PBXBuildFile; productRef = 37DA1F4E2C9720D700880A36 /* FirebaseAuth */; };
		37DA1F512C9720D700880A36 /* FirebaseCrashlytics in Frameworks */ = {isa = PBXBuildFile; productRef = 37DA1F502C9720D700880A36 /* FirebaseCrashlytics */; };
		37DA1F532C9720D700880A36 /* FirebaseDatabase in Frameworks */ = {isa = PBXBuildFile; productRef = 37DA1F522C9720D700880A36 /* FirebaseDatabase */; };
		37DA1F552C9720D700880A36 /* FirebaseFirestore in Frameworks */ = {isa = PBXBuildFile; productRef = 37DA1F542C9720D700880A36 /* FirebaseFirestore */; };
		37DA1F682C98553400880A36 /* HomepageView.swift in Sources */ = {isa = PBXBuildFile; fileRef = 37DA1F672C98553400880A36 /* HomepageView.swift */; };
		37DA1F6B2C9859D300880A36 /* OfferView.swift in Sources */ = {isa = PBXBuildFile; fileRef = 37DA1F6A2C9859D300880A36 /* OfferView.swift */; };
		37DA1F6D2C9866A100880A36 /* SearchAndFilterBar.swift in Sources */ = {isa = PBXBuildFile; fileRef = 37DA1F6C2C9866A100880A36 /* SearchAndFilterBar.swift */; };
		37DA1F6F2C989E3B00880A36 /* Heading.swift in Sources */ = {isa = PBXBuildFile; fileRef = 37DA1F6E2C989E3B00880A36 /* Heading.swift */; };
		37DA1F712C98E7A500880A36 /* OfferDetailView.swift in Sources */ = {isa = PBXBuildFile; fileRef = 37DA1F702C98E7A500880A36 /* OfferDetailView.swift */; };
		37DA1F742C98EC3C00880A36 /* OfferImageCarouselView.swift in Sources */ = {isa = PBXBuildFile; fileRef = 37DA1F732C98EC3C00880A36 /* OfferImageCarouselView.swift */; };
		37DA1F772C99AC9800880A36 /* HomepageRentView.swift in Sources */ = {isa = PBXBuildFile; fileRef = 37DA1F762C99AC9800880A36 /* HomepageRentView.swift */; };
		37DA1F792C99ADD300880A36 /* OfferRentView.swift in Sources */ = {isa = PBXBuildFile; fileRef = 37DA1F782C99ADD300880A36 /* OfferRentView.swift */; };
		37DA1F7B2C99B18A00880A36 /* CreateMoreButton.swift in Sources */ = {isa = PBXBuildFile; fileRef = 37DA1F7A2C99B18A00880A36 /* CreateMoreButton.swift */; };
		37DA1F7D2C99B60D00880A36 /* FiltersSearchView.swift in Sources */ = {isa = PBXBuildFile; fileRef = 37DA1F7C2C99B60D00880A36 /* FiltersSearchView.swift */; };
		37DA1F7F2C9B14CF00880A36 /* MainTabView.swift in Sources */ = {isa = PBXBuildFile; fileRef = 37DA1F7E2C9B14CF00880A36 /* MainTabView.swift */; };
		37DA1FA22C9B31E900880A36 /* Montserrat-Medium.ttf in Resources */ = {isa = PBXBuildFile; fileRef = 37DA1F982C9B31E900880A36 /* Montserrat-Medium.ttf */; };
		37DA1FA32C9B31E900880A36 /* LeagueSpartan-SemiBold.ttf in Resources */ = {isa = PBXBuildFile; fileRef = 37DA1F992C9B31E900880A36 /* LeagueSpartan-SemiBold.ttf */; };
		37DA1FA42C9B31E900880A36 /* Montserrat-SemiBold.ttf in Resources */ = {isa = PBXBuildFile; fileRef = 37DA1F9A2C9B31E900880A36 /* Montserrat-SemiBold.ttf */; };
		37DA1FA52C9B31E900880A36 /* LeagueSpartan-ExtraLight.ttf in Resources */ = {isa = PBXBuildFile; fileRef = 37DA1F9B2C9B31E900880A36 /* LeagueSpartan-ExtraLight.ttf */; };
		37DA1FA62C9B31E900880A36 /* LeagueSpartan-Medium.ttf in Resources */ = {isa = PBXBuildFile; fileRef = 37DA1F9C2C9B31E900880A36 /* LeagueSpartan-Medium.ttf */; };
		37DA1FA72C9B31E900880A36 /* Montserrat-Italic.ttf in Resources */ = {isa = PBXBuildFile; fileRef = 37DA1F9D2C9B31E900880A36 /* Montserrat-Italic.ttf */; };
		37DA1FA82C9B31E900880A36 /* LeagueSpartan-Light.ttf in Resources */ = {isa = PBXBuildFile; fileRef = 37DA1F9E2C9B31E900880A36 /* LeagueSpartan-Light.ttf */; };
		37DA1FA92C9B31E900880A36 /* Montserrat-ExtraBold.ttf in Resources */ = {isa = PBXBuildFile; fileRef = 37DA1F9F2C9B31E900880A36 /* Montserrat-ExtraBold.ttf */; };
		37DA1FAA2C9B31E900880A36 /* LeagueSpartan-ExtraBold.ttf in Resources */ = {isa = PBXBuildFile; fileRef = 37DA1FA02C9B31E900880A36 /* LeagueSpartan-ExtraBold.ttf */; };
		37DA1FAB2C9B31E900880A36 /* Montserrat-Light.ttf in Resources */ = {isa = PBXBuildFile; fileRef = 37DA1FA12C9B31E900880A36 /* Montserrat-Light.ttf */; };
		A9FC138A2C9B2B6B00156C8F /* FormView.swift in Sources */ = {isa = PBXBuildFile; fileRef = A9FC13892C9B2B6B00156C8F /* FormView.swift */; };
		A9FC13B12C9B2D3100156C8F /* LeagueSpartan-Regular.ttf in Resources */ = {isa = PBXBuildFile; fileRef = A9FC13A52C9B2D3100156C8F /* LeagueSpartan-Regular.ttf */; };
		A9FC13B92C9B2D3100156C8F /* Montserrat-Regular.ttf in Resources */ = {isa = PBXBuildFile; fileRef = A9FC13AD2C9B2D3100156C8F /* Montserrat-Regular.ttf */; };
/* End PBXBuildFile section */

/* Begin PBXContainerItemProxy section */
		37782CE12C8E803D00913A91 /* PBXContainerItemProxy */ = {
			isa = PBXContainerItemProxy;
			containerPortal = 37782CC82C8E803C00913A91 /* Project object */;
			proxyType = 1;
			remoteGlobalIDString = 37782CCF2C8E803C00913A91;
			remoteInfo = SwiftApp;
		};
		37782CEB2C8E803D00913A91 /* PBXContainerItemProxy */ = {
			isa = PBXContainerItemProxy;
			containerPortal = 37782CC82C8E803C00913A91 /* Project object */;
			proxyType = 1;
			remoteGlobalIDString = 37782CCF2C8E803C00913A91;
			remoteInfo = SwiftApp;
		};
/* End PBXContainerItemProxy section */

/* Begin PBXFileReference section */
		37782CD02C8E803C00913A91 /* SwiftApp.app */ = {isa = PBXFileReference; explicitFileType = wrapper.application; includeInIndex = 0; path = SwiftApp.app; sourceTree = BUILT_PRODUCTS_DIR; };
		37782CD32C8E803C00913A91 /* SwiftAppApp.swift */ = {isa = PBXFileReference; lastKnownFileType = sourcecode.swift; path = SwiftAppApp.swift; sourceTree = "<group>"; };
		37782CD52C8E803C00913A91 /* ContentView.swift */ = {isa = PBXFileReference; lastKnownFileType = sourcecode.swift; path = ContentView.swift; sourceTree = "<group>"; };
		37782CD72C8E803D00913A91 /* Assets.xcassets */ = {isa = PBXFileReference; lastKnownFileType = folder.assetcatalog; path = Assets.xcassets; sourceTree = "<group>"; };
		37782CDA2C8E803D00913A91 /* Preview Assets.xcassets */ = {isa = PBXFileReference; lastKnownFileType = folder.assetcatalog; path = "Preview Assets.xcassets"; sourceTree = "<group>"; };
		37782CE02C8E803D00913A91 /* SwiftAppTests.xctest */ = {isa = PBXFileReference; explicitFileType = wrapper.cfbundle; includeInIndex = 0; path = SwiftAppTests.xctest; sourceTree = BUILT_PRODUCTS_DIR; };
		37782CE42C8E803D00913A91 /* SwiftAppTests.swift */ = {isa = PBXFileReference; lastKnownFileType = sourcecode.swift; path = SwiftAppTests.swift; sourceTree = "<group>"; };
		37782CEA2C8E803D00913A91 /* SwiftAppUITests.xctest */ = {isa = PBXFileReference; explicitFileType = wrapper.cfbundle; includeInIndex = 0; path = SwiftAppUITests.xctest; sourceTree = BUILT_PRODUCTS_DIR; };
		37782CEE2C8E803D00913A91 /* SwiftAppUITests.swift */ = {isa = PBXFileReference; lastKnownFileType = sourcecode.swift; path = SwiftAppUITests.swift; sourceTree = "<group>"; };
		37782CF02C8E803D00913A91 /* SwiftAppUITestsLaunchTests.swift */ = {isa = PBXFileReference; lastKnownFileType = sourcecode.swift; path = SwiftAppUITestsLaunchTests.swift; sourceTree = "<group>"; };
		378698E82C9CCCED0096F1C3 /* MainTabLandlordView.swift */ = {isa = PBXFileReference; lastKnownFileType = sourcecode.swift; path = MainTabLandlordView.swift; sourceTree = "<group>"; };
		378698EA2C9CD3570096F1C3 /* OfferModel.swift */ = {isa = PBXFileReference; lastKnownFileType = sourcecode.swift; path = OfferModel.swift; sourceTree = "<group>"; };
		378698EC2C9DAA830096F1C3 /* .gitignore */ = {isa = PBXFileReference; lastKnownFileType = text; path = .gitignore; sourceTree = "<group>"; };
		37DA1F3A2C97195C00880A36 /* TestVM.swift */ = {isa = PBXFileReference; lastKnownFileType = sourcecode.swift; path = TestVM.swift; sourceTree = "<group>"; };
		37DA1F452C9719D700880A36 /* ColorExtensions.swift */ = {isa = PBXFileReference; lastKnownFileType = sourcecode.swift; path = ColorExtensions.swift; sourceTree = "<group>"; };
		37DA1F492C971E7200880A36 /* GoogleService-Info.plist */ = {isa = PBXFileReference; fileEncoding = 4; lastKnownFileType = text.plist.xml; path = "GoogleService-Info.plist"; sourceTree = "<group>"; };
		37DA1F632C97337800880A36 /* Info.plist */ = {isa = PBXFileReference; lastKnownFileType = text.plist; path = Info.plist; sourceTree = "<group>"; };
		37DA1F672C98553400880A36 /* HomepageView.swift */ = {isa = PBXFileReference; lastKnownFileType = sourcecode.swift; path = HomepageView.swift; sourceTree = "<group>"; };
		37DA1F6A2C9859D300880A36 /* OfferView.swift */ = {isa = PBXFileReference; lastKnownFileType = sourcecode.swift; path = OfferView.swift; sourceTree = "<group>"; };
		37DA1F6C2C9866A100880A36 /* SearchAndFilterBar.swift */ = {isa = PBXFileReference; lastKnownFileType = sourcecode.swift; path = SearchAndFilterBar.swift; sourceTree = "<group>"; };
		37DA1F6E2C989E3B00880A36 /* Heading.swift */ = {isa = PBXFileReference; lastKnownFileType = sourcecode.swift; path = Heading.swift; sourceTree = "<group>"; };
		37DA1F702C98E7A500880A36 /* OfferDetailView.swift */ = {isa = PBXFileReference; lastKnownFileType = sourcecode.swift; path = OfferDetailView.swift; sourceTree = "<group>"; };
		37DA1F732C98EC3C00880A36 /* OfferImageCarouselView.swift */ = {isa = PBXFileReference; lastKnownFileType = sourcecode.swift; path = OfferImageCarouselView.swift; sourceTree = "<group>"; };
		37DA1F762C99AC9800880A36 /* HomepageRentView.swift */ = {isa = PBXFileReference; lastKnownFileType = sourcecode.swift; path = HomepageRentView.swift; sourceTree = "<group>"; };
		37DA1F782C99ADD300880A36 /* OfferRentView.swift */ = {isa = PBXFileReference; lastKnownFileType = sourcecode.swift; path = OfferRentView.swift; sourceTree = "<group>"; };
		37DA1F7A2C99B18A00880A36 /* CreateMoreButton.swift */ = {isa = PBXFileReference; lastKnownFileType = sourcecode.swift; path = CreateMoreButton.swift; sourceTree = "<group>"; };
		37DA1F7C2C99B60D00880A36 /* FiltersSearchView.swift */ = {isa = PBXFileReference; lastKnownFileType = sourcecode.swift; path = FiltersSearchView.swift; sourceTree = "<group>"; };
		37DA1F7E2C9B14CF00880A36 /* MainTabView.swift */ = {isa = PBXFileReference; lastKnownFileType = sourcecode.swift; path = MainTabView.swift; sourceTree = "<group>"; };
		37DA1F982C9B31E900880A36 /* Montserrat-Medium.ttf */ = {isa = PBXFileReference; lastKnownFileType = file; name = "Montserrat-Medium.ttf"; path = "../../../../Downloads/Archive/Montserrat-Medium.ttf"; sourceTree = "<group>"; };
		37DA1F992C9B31E900880A36 /* LeagueSpartan-SemiBold.ttf */ = {isa = PBXFileReference; lastKnownFileType = file; name = "LeagueSpartan-SemiBold.ttf"; path = "../../../../Downloads/Archive/LeagueSpartan-SemiBold.ttf"; sourceTree = "<group>"; };
		37DA1F9A2C9B31E900880A36 /* Montserrat-SemiBold.ttf */ = {isa = PBXFileReference; lastKnownFileType = file; name = "Montserrat-SemiBold.ttf"; path = "../../../../Downloads/Archive/Montserrat-SemiBold.ttf"; sourceTree = "<group>"; };
		37DA1F9B2C9B31E900880A36 /* LeagueSpartan-ExtraLight.ttf */ = {isa = PBXFileReference; lastKnownFileType = file; name = "LeagueSpartan-ExtraLight.ttf"; path = "../../../../Downloads/Archive/LeagueSpartan-ExtraLight.ttf"; sourceTree = "<group>"; };
		37DA1F9C2C9B31E900880A36 /* LeagueSpartan-Medium.ttf */ = {isa = PBXFileReference; lastKnownFileType = file; name = "LeagueSpartan-Medium.ttf"; path = "../../../../Downloads/Archive/LeagueSpartan-Medium.ttf"; sourceTree = "<group>"; };
		37DA1F9D2C9B31E900880A36 /* Montserrat-Italic.ttf */ = {isa = PBXFileReference; lastKnownFileType = file; name = "Montserrat-Italic.ttf"; path = "../../../../Downloads/Archive/Montserrat-Italic.ttf"; sourceTree = "<group>"; };
		37DA1F9E2C9B31E900880A36 /* LeagueSpartan-Light.ttf */ = {isa = PBXFileReference; lastKnownFileType = file; name = "LeagueSpartan-Light.ttf"; path = "../../../../Downloads/Archive/LeagueSpartan-Light.ttf"; sourceTree = "<group>"; };
		37DA1F9F2C9B31E900880A36 /* Montserrat-ExtraBold.ttf */ = {isa = PBXFileReference; lastKnownFileType = file; name = "Montserrat-ExtraBold.ttf"; path = "../../../../Downloads/Archive/Montserrat-ExtraBold.ttf"; sourceTree = "<group>"; };
		37DA1FA02C9B31E900880A36 /* LeagueSpartan-ExtraBold.ttf */ = {isa = PBXFileReference; lastKnownFileType = file; name = "LeagueSpartan-ExtraBold.ttf"; path = "../../../../Downloads/Archive/LeagueSpartan-ExtraBold.ttf"; sourceTree = "<group>"; };
		37DA1FA12C9B31E900880A36 /* Montserrat-Light.ttf */ = {isa = PBXFileReference; lastKnownFileType = file; name = "Montserrat-Light.ttf"; path = "../../../../Downloads/Archive/Montserrat-Light.ttf"; sourceTree = "<group>"; };
		A9FC13892C9B2B6B00156C8F /* FormView.swift */ = {isa = PBXFileReference; fileEncoding = 4; lastKnownFileType = sourcecode.swift; path = FormView.swift; sourceTree = "<group>"; };
		A9FC13A52C9B2D3100156C8F /* LeagueSpartan-Regular.ttf */ = {isa = PBXFileReference; lastKnownFileType = file; path = "LeagueSpartan-Regular.ttf"; sourceTree = "<group>"; };
		A9FC13AD2C9B2D3100156C8F /* Montserrat-Regular.ttf */ = {isa = PBXFileReference; lastKnownFileType = file; path = "Montserrat-Regular.ttf"; sourceTree = "<group>"; };
/* End PBXFileReference section */

/* Begin PBXFrameworksBuildPhase section */
		37782CCD2C8E803C00913A91 /* Frameworks */ = {
			isa = PBXFrameworksBuildPhase;
			buildActionMask = 2147483647;
			files = (
				37DA1F512C9720D700880A36 /* FirebaseCrashlytics in Frameworks */,
				37DA1F4D2C9720D700880A36 /* FirebaseAnalytics in Frameworks */,
				37DA1F532C9720D700880A36 /* FirebaseDatabase in Frameworks */,
				37DA1F552C9720D700880A36 /* FirebaseFirestore in Frameworks */,
				37DA1F4F2C9720D700880A36 /* FirebaseAuth in Frameworks */,
			);
			runOnlyForDeploymentPostprocessing = 0;
		};
		37782CDD2C8E803D00913A91 /* Frameworks */ = {
			isa = PBXFrameworksBuildPhase;
			buildActionMask = 2147483647;
			files = (
			);
			runOnlyForDeploymentPostprocessing = 0;
		};
		37782CE72C8E803D00913A91 /* Frameworks */ = {
			isa = PBXFrameworksBuildPhase;
			buildActionMask = 2147483647;
			files = (
			);
			runOnlyForDeploymentPostprocessing = 0;
		};
/* End PBXFrameworksBuildPhase section */

/* Begin PBXGroup section */
		3773D1A72C9BD5D6001FCEFC /* Filters */ = {
			isa = PBXGroup;
			children = (
				37DA1F7C2C99B60D00880A36 /* FiltersSearchView.swift */,
			);
			path = Filters;
			sourceTree = "<group>";
		};
		37782CC72C8E803C00913A91 = {
			isa = PBXGroup;
			children = (
				378698EC2C9DAA830096F1C3 /* .gitignore */,
				37782CD22C8E803C00913A91 /* SwiftApp */,
				37782CE32C8E803D00913A91 /* SwiftAppTests */,
				37782CED2C8E803D00913A91 /* SwiftAppUITests */,
				37782CD12C8E803C00913A91 /* Products */,
			);
			sourceTree = "<group>";
		};
		37782CD12C8E803C00913A91 /* Products */ = {
			isa = PBXGroup;
			children = (
				37782CD02C8E803C00913A91 /* SwiftApp.app */,
				37782CE02C8E803D00913A91 /* SwiftAppTests.xctest */,
				37782CEA2C8E803D00913A91 /* SwiftAppUITests.xctest */,
			);
			name = Products;
			sourceTree = "<group>";
		};
		37782CD22C8E803C00913A91 /* SwiftApp */ = {
			isa = PBXGroup;
			children = (
				37DA1F632C97337800880A36 /* Info.plist */,
				37DA1F582C97286500880A36 /* Fonts */,
				37DA1F492C971E7200880A36 /* GoogleService-Info.plist */,
				37DA1F442C9719AF00880A36 /* Utils */,
				37DA1F372C9718E600880A36 /* Models */,
				37DA1F362C9718CC00880A36 /* ViewModels */,
				37DA1F352C9718B900880A36 /* Views */,
				37782CD32C8E803C00913A91 /* SwiftAppApp.swift */,
				37782CD52C8E803C00913A91 /* ContentView.swift */,
				37782CD72C8E803D00913A91 /* Assets.xcassets */,
				37782CD92C8E803D00913A91 /* Preview Content */,
			);
			path = SwiftApp;
			sourceTree = "<group>";
		};
		37782CD92C8E803D00913A91 /* Preview Content */ = {
			isa = PBXGroup;
			children = (
				37782CDA2C8E803D00913A91 /* Preview Assets.xcassets */,
			);
			path = "Preview Content";
			sourceTree = "<group>";
		};
		37782CE32C8E803D00913A91 /* SwiftAppTests */ = {
			isa = PBXGroup;
			children = (
				37782CE42C8E803D00913A91 /* SwiftAppTests.swift */,
			);
			path = SwiftAppTests;
			sourceTree = "<group>";
		};
		37782CED2C8E803D00913A91 /* SwiftAppUITests */ = {
			isa = PBXGroup;
			children = (
				37782CEE2C8E803D00913A91 /* SwiftAppUITests.swift */,
				37782CF02C8E803D00913A91 /* SwiftAppUITestsLaunchTests.swift */,
			);
			path = SwiftAppUITests;
			sourceTree = "<group>";
		};
		37DA1F352C9718B900880A36 /* Views */ = {
			isa = PBXGroup;
			children = (
				3773D1A72C9BD5D6001FCEFC /* Filters */,
				A9FC13882C9B2B3B00156C8F /* Forms */,
				37DA1F752C99AC6D00880A36 /* HomepageRent */,
				37DA1F722C98E9C000880A36 /* Helpers */,
				37DA1F662C9854B300880A36 /* Homepage */,
				37DA1F692C98599A00880A36 /* Offers */,
			);
			path = Views;
			sourceTree = "<group>";
		};
		37DA1F362C9718CC00880A36 /* ViewModels */ = {
			isa = PBXGroup;
			children = (
				37DA1F3A2C97195C00880A36 /* TestVM.swift */,
			);
			path = ViewModels;
			sourceTree = "<group>";
		};
		37DA1F372C9718E600880A36 /* Models */ = {
			isa = PBXGroup;
			children = (
				378698EA2C9CD3570096F1C3 /* OfferModel.swift */,
			);
			path = Models;
			sourceTree = "<group>";
		};
		37DA1F442C9719AF00880A36 /* Utils */ = {
			isa = PBXGroup;
			children = (
				37DA1F452C9719D700880A36 /* ColorExtensions.swift */,
			);
			path = Utils;
			sourceTree = "<group>";
		};
		37DA1F582C97286500880A36 /* Fonts */ = {
			isa = PBXGroup;
			children = (
				37DA1FA02C9B31E900880A36 /* LeagueSpartan-ExtraBold.ttf */,
				37DA1F9B2C9B31E900880A36 /* LeagueSpartan-ExtraLight.ttf */,
				37DA1F9E2C9B31E900880A36 /* LeagueSpartan-Light.ttf */,
				37DA1F9C2C9B31E900880A36 /* LeagueSpartan-Medium.ttf */,
				37DA1F992C9B31E900880A36 /* LeagueSpartan-SemiBold.ttf */,
				37DA1F9F2C9B31E900880A36 /* Montserrat-ExtraBold.ttf */,
				37DA1F9D2C9B31E900880A36 /* Montserrat-Italic.ttf */,
				37DA1FA12C9B31E900880A36 /* Montserrat-Light.ttf */,
				37DA1F982C9B31E900880A36 /* Montserrat-Medium.ttf */,
				37DA1F9A2C9B31E900880A36 /* Montserrat-SemiBold.ttf */,
				A9FC13A52C9B2D3100156C8F /* LeagueSpartan-Regular.ttf */,
				A9FC13AD2C9B2D3100156C8F /* Montserrat-Regular.ttf */,
			);
			path = Fonts;
			sourceTree = "<group>";
		};
		37DA1F662C9854B300880A36 /* Homepage */ = {
			isa = PBXGroup;
			children = (
				37DA1F672C98553400880A36 /* HomepageView.swift */,
			);
			path = Homepage;
			sourceTree = "<group>";
		};
		37DA1F692C98599A00880A36 /* Offers */ = {
			isa = PBXGroup;
			children = (
				37DA1F6A2C9859D300880A36 /* OfferView.swift */,
				37DA1F702C98E7A500880A36 /* OfferDetailView.swift */,
				37DA1F782C99ADD300880A36 /* OfferRentView.swift */,
			);
			path = Offers;
			sourceTree = "<group>";
		};
		37DA1F722C98E9C000880A36 /* Helpers */ = {
			isa = PBXGroup;
			children = (
				378698E82C9CCCED0096F1C3 /* MainTabLandlordView.swift */,
				37DA1F732C98EC3C00880A36 /* OfferImageCarouselView.swift */,
				37DA1F6C2C9866A100880A36 /* SearchAndFilterBar.swift */,
				37DA1F6E2C989E3B00880A36 /* Heading.swift */,
				37DA1F7E2C9B14CF00880A36 /* MainTabView.swift */,
			);
			path = Helpers;
			sourceTree = "<group>";
		};
		37DA1F752C99AC6D00880A36 /* HomepageRent */ = {
			isa = PBXGroup;
			children = (
				37DA1F762C99AC9800880A36 /* HomepageRentView.swift */,
				37DA1F7A2C99B18A00880A36 /* CreateMoreButton.swift */,
			);
			path = HomepageRent;
			sourceTree = "<group>";
		};
		A9FC13882C9B2B3B00156C8F /* Forms */ = {
			isa = PBXGroup;
			children = (
				A9FC13892C9B2B6B00156C8F /* FormView.swift */,
			);
			path = Forms;
			sourceTree = "<group>";
		};
/* End PBXGroup section */

/* Begin PBXNativeTarget section */
		37782CCF2C8E803C00913A91 /* SwiftApp */ = {
			isa = PBXNativeTarget;
			buildConfigurationList = 37782CF42C8E803D00913A91 /* Build configuration list for PBXNativeTarget "SwiftApp" */;
			buildPhases = (
				37782CCC2C8E803C00913A91 /* Sources */,
				37782CCD2C8E803C00913A91 /* Frameworks */,
				37782CCE2C8E803C00913A91 /* Resources */,
			);
			buildRules = (
			);
			dependencies = (
			);
			name = SwiftApp;
			packageProductDependencies = (
				37DA1F4C2C9720D700880A36 /* FirebaseAnalytics */,
				37DA1F4E2C9720D700880A36 /* FirebaseAuth */,
				37DA1F502C9720D700880A36 /* FirebaseCrashlytics */,
				37DA1F522C9720D700880A36 /* FirebaseDatabase */,
				37DA1F542C9720D700880A36 /* FirebaseFirestore */,
			);
			productName = SwiftApp;
			productReference = 37782CD02C8E803C00913A91 /* SwiftApp.app */;
			productType = "com.apple.product-type.application";
		};
		37782CDF2C8E803D00913A91 /* SwiftAppTests */ = {
			isa = PBXNativeTarget;
			buildConfigurationList = 37782CF72C8E803D00913A91 /* Build configuration list for PBXNativeTarget "SwiftAppTests" */;
			buildPhases = (
				37782CDC2C8E803D00913A91 /* Sources */,
				37782CDD2C8E803D00913A91 /* Frameworks */,
				37782CDE2C8E803D00913A91 /* Resources */,
			);
			buildRules = (
			);
			dependencies = (
				37782CE22C8E803D00913A91 /* PBXTargetDependency */,
			);
			name = SwiftAppTests;
			productName = SwiftAppTests;
			productReference = 37782CE02C8E803D00913A91 /* SwiftAppTests.xctest */;
			productType = "com.apple.product-type.bundle.unit-test";
		};
		37782CE92C8E803D00913A91 /* SwiftAppUITests */ = {
			isa = PBXNativeTarget;
			buildConfigurationList = 37782CFA2C8E803D00913A91 /* Build configuration list for PBXNativeTarget "SwiftAppUITests" */;
			buildPhases = (
				37782CE62C8E803D00913A91 /* Sources */,
				37782CE72C8E803D00913A91 /* Frameworks */,
				37782CE82C8E803D00913A91 /* Resources */,
			);
			buildRules = (
			);
			dependencies = (
				37782CEC2C8E803D00913A91 /* PBXTargetDependency */,
			);
			name = SwiftAppUITests;
			productName = SwiftAppUITests;
			productReference = 37782CEA2C8E803D00913A91 /* SwiftAppUITests.xctest */;
			productType = "com.apple.product-type.bundle.ui-testing";
		};
/* End PBXNativeTarget section */

/* Begin PBXProject section */
		37782CC82C8E803C00913A91 /* Project object */ = {
			isa = PBXProject;
			attributes = {
				BuildIndependentTargetsInParallel = 1;
				LastSwiftUpdateCheck = 1540;
				LastUpgradeCheck = 1540;
				TargetAttributes = {
					37782CCF2C8E803C00913A91 = {
						CreatedOnToolsVersion = 15.4;
					};
					37782CDF2C8E803D00913A91 = {
						CreatedOnToolsVersion = 15.4;
						TestTargetID = 37782CCF2C8E803C00913A91;
					};
					37782CE92C8E803D00913A91 = {
						CreatedOnToolsVersion = 15.4;
						TestTargetID = 37782CCF2C8E803C00913A91;
					};
				};
			};
			buildConfigurationList = 37782CCB2C8E803C00913A91 /* Build configuration list for PBXProject "SwiftApp" */;
			compatibilityVersion = "Xcode 14.0";
			developmentRegion = en;
			hasScannedForEncodings = 0;
			knownRegions = (
				en,
				Base,
			);
			mainGroup = 37782CC72C8E803C00913A91;
			packageReferences = (
				37DA1F4B2C9720D700880A36 /* XCRemoteSwiftPackageReference "firebase-ios-sdk" */,
			);
			productRefGroup = 37782CD12C8E803C00913A91 /* Products */;
			projectDirPath = "";
			projectRoot = "";
			targets = (
				37782CCF2C8E803C00913A91 /* SwiftApp */,
				37782CDF2C8E803D00913A91 /* SwiftAppTests */,
				37782CE92C8E803D00913A91 /* SwiftAppUITests */,
			);
		};
/* End PBXProject section */

/* Begin PBXResourcesBuildPhase section */
		37782CCE2C8E803C00913A91 /* Resources */ = {
			isa = PBXResourcesBuildPhase;
			buildActionMask = 2147483647;
			files = (
				37DA1FAB2C9B31E900880A36 /* Montserrat-Light.ttf in Resources */,
				A9FC13B92C9B2D3100156C8F /* Montserrat-Regular.ttf in Resources */,
				A9FC13B12C9B2D3100156C8F /* LeagueSpartan-Regular.ttf in Resources */,
				37DA1FA72C9B31E900880A36 /* Montserrat-Italic.ttf in Resources */,
				37DA1FA62C9B31E900880A36 /* LeagueSpartan-Medium.ttf in Resources */,
				37DA1FA82C9B31E900880A36 /* LeagueSpartan-Light.ttf in Resources */,
				37DA1F4A2C971E7200880A36 /* GoogleService-Info.plist in Resources */,
				37782CDB2C8E803D00913A91 /* Preview Assets.xcassets in Resources */,
				37DA1FAA2C9B31E900880A36 /* LeagueSpartan-ExtraBold.ttf in Resources */,
				37DA1FA32C9B31E900880A36 /* LeagueSpartan-SemiBold.ttf in Resources */,
				37DA1FA92C9B31E900880A36 /* Montserrat-ExtraBold.ttf in Resources */,
				37DA1FA22C9B31E900880A36 /* Montserrat-Medium.ttf in Resources */,
				37DA1FA42C9B31E900880A36 /* Montserrat-SemiBold.ttf in Resources */,
				37DA1FA52C9B31E900880A36 /* LeagueSpartan-ExtraLight.ttf in Resources */,
				37782CD82C8E803D00913A91 /* Assets.xcassets in Resources */,
			);
			runOnlyForDeploymentPostprocessing = 0;
		};
		37782CDE2C8E803D00913A91 /* Resources */ = {
			isa = PBXResourcesBuildPhase;
			buildActionMask = 2147483647;
			files = (
			);
			runOnlyForDeploymentPostprocessing = 0;
		};
		37782CE82C8E803D00913A91 /* Resources */ = {
			isa = PBXResourcesBuildPhase;
			buildActionMask = 2147483647;
			files = (
			);
			runOnlyForDeploymentPostprocessing = 0;
		};
/* End PBXResourcesBuildPhase section */

/* Begin PBXSourcesBuildPhase section */
		37782CCC2C8E803C00913A91 /* Sources */ = {
			isa = PBXSourcesBuildPhase;
			buildActionMask = 2147483647;
			files = (
				37DA1F7B2C99B18A00880A36 /* CreateMoreButton.swift in Sources */,
				37782CD62C8E803C00913A91 /* ContentView.swift in Sources */,
				37DA1F6D2C9866A100880A36 /* SearchAndFilterBar.swift in Sources */,
				37DA1F7F2C9B14CF00880A36 /* MainTabView.swift in Sources */,
				37DA1F3B2C97195C00880A36 /* TestVM.swift in Sources */,
				378698E92C9CCD040096F1C3 /* MainTabLandlordView.swift in Sources */,
				37DA1F772C99AC9800880A36 /* HomepageRentView.swift in Sources */,
				37DA1F792C99ADD300880A36 /* OfferRentView.swift in Sources */,
				37782CD42C8E803C00913A91 /* SwiftAppApp.swift in Sources */,
				37DA1F742C98EC3C00880A36 /* OfferImageCarouselView.swift in Sources */,
				37DA1F712C98E7A500880A36 /* OfferDetailView.swift in Sources */,
				37DA1F6F2C989E3B00880A36 /* Heading.swift in Sources */,
				37DA1F7D2C99B60D00880A36 /* FiltersSearchView.swift in Sources */,
				378698EB2C9CD3600096F1C3 /* OfferModel.swift in Sources */,
				37DA1F6B2C9859D300880A36 /* OfferView.swift in Sources */,
				37DA1F682C98553400880A36 /* HomepageView.swift in Sources */,
				A9FC138A2C9B2B6B00156C8F /* FormView.swift in Sources */,
				37DA1F462C9719D700880A36 /* ColorExtensions.swift in Sources */,
			);
			runOnlyForDeploymentPostprocessing = 0;
		};
		37782CDC2C8E803D00913A91 /* Sources */ = {
			isa = PBXSourcesBuildPhase;
			buildActionMask = 2147483647;
			files = (
				37782CE52C8E803D00913A91 /* SwiftAppTests.swift in Sources */,
			);
			runOnlyForDeploymentPostprocessing = 0;
		};
		37782CE62C8E803D00913A91 /* Sources */ = {
			isa = PBXSourcesBuildPhase;
			buildActionMask = 2147483647;
			files = (
				37782CF12C8E803D00913A91 /* SwiftAppUITestsLaunchTests.swift in Sources */,
				37782CEF2C8E803D00913A91 /* SwiftAppUITests.swift in Sources */,
			);
			runOnlyForDeploymentPostprocessing = 0;
		};
/* End PBXSourcesBuildPhase section */

/* Begin PBXTargetDependency section */
		37782CE22C8E803D00913A91 /* PBXTargetDependency */ = {
			isa = PBXTargetDependency;
			target = 37782CCF2C8E803C00913A91 /* SwiftApp */;
			targetProxy = 37782CE12C8E803D00913A91 /* PBXContainerItemProxy */;
		};
		37782CEC2C8E803D00913A91 /* PBXTargetDependency */ = {
			isa = PBXTargetDependency;
			target = 37782CCF2C8E803C00913A91 /* SwiftApp */;
			targetProxy = 37782CEB2C8E803D00913A91 /* PBXContainerItemProxy */;
		};
/* End PBXTargetDependency section */

/* Begin XCBuildConfiguration section */
		37782CF22C8E803D00913A91 /* Debug */ = {
			isa = XCBuildConfiguration;
			buildSettings = {
				ALWAYS_SEARCH_USER_PATHS = NO;
				ASSETCATALOG_COMPILER_GENERATE_SWIFT_ASSET_SYMBOL_EXTENSIONS = YES;
				CLANG_ANALYZER_NONNULL = YES;
				CLANG_ANALYZER_NUMBER_OBJECT_CONVERSION = YES_AGGRESSIVE;
				CLANG_CXX_LANGUAGE_STANDARD = "gnu++20";
				CLANG_ENABLE_MODULES = YES;
				CLANG_ENABLE_OBJC_ARC = YES;
				CLANG_ENABLE_OBJC_WEAK = YES;
				CLANG_WARN_BLOCK_CAPTURE_AUTORELEASING = YES;
				CLANG_WARN_BOOL_CONVERSION = YES;
				CLANG_WARN_COMMA = YES;
				CLANG_WARN_CONSTANT_CONVERSION = YES;
				CLANG_WARN_DEPRECATED_OBJC_IMPLEMENTATIONS = YES;
				CLANG_WARN_DIRECT_OBJC_ISA_USAGE = YES_ERROR;
				CLANG_WARN_DOCUMENTATION_COMMENTS = YES;
				CLANG_WARN_EMPTY_BODY = YES;
				CLANG_WARN_ENUM_CONVERSION = YES;
				CLANG_WARN_INFINITE_RECURSION = YES;
				CLANG_WARN_INT_CONVERSION = YES;
				CLANG_WARN_NON_LITERAL_NULL_CONVERSION = YES;
				CLANG_WARN_OBJC_IMPLICIT_RETAIN_SELF = YES;
				CLANG_WARN_OBJC_LITERAL_CONVERSION = YES;
				CLANG_WARN_OBJC_ROOT_CLASS = YES_ERROR;
				CLANG_WARN_QUOTED_INCLUDE_IN_FRAMEWORK_HEADER = YES;
				CLANG_WARN_RANGE_LOOP_ANALYSIS = YES;
				CLANG_WARN_STRICT_PROTOTYPES = YES;
				CLANG_WARN_SUSPICIOUS_MOVE = YES;
				CLANG_WARN_UNGUARDED_AVAILABILITY = YES_AGGRESSIVE;
				CLANG_WARN_UNREACHABLE_CODE = YES;
				CLANG_WARN__DUPLICATE_METHOD_MATCH = YES;
				COPY_PHASE_STRIP = NO;
				DEBUG_INFORMATION_FORMAT = dwarf;
				ENABLE_STRICT_OBJC_MSGSEND = YES;
				ENABLE_TESTABILITY = YES;
				ENABLE_USER_SCRIPT_SANDBOXING = YES;
				GCC_C_LANGUAGE_STANDARD = gnu17;
				GCC_DYNAMIC_NO_PIC = NO;
				GCC_NO_COMMON_BLOCKS = YES;
				GCC_OPTIMIZATION_LEVEL = 0;
				GCC_PREPROCESSOR_DEFINITIONS = (
					"DEBUG=1",
					"$(inherited)",
				);
				GCC_WARN_64_TO_32_BIT_CONVERSION = YES;
				GCC_WARN_ABOUT_RETURN_TYPE = YES_ERROR;
				GCC_WARN_UNDECLARED_SELECTOR = YES;
				GCC_WARN_UNINITIALIZED_AUTOS = YES_AGGRESSIVE;
				GCC_WARN_UNUSED_FUNCTION = YES;
				GCC_WARN_UNUSED_VARIABLE = YES;
				IPHONEOS_DEPLOYMENT_TARGET = 17.5;
				LOCALIZATION_PREFERS_STRING_CATALOGS = YES;
				MTL_ENABLE_DEBUG_INFO = INCLUDE_SOURCE;
				MTL_FAST_MATH = YES;
				ONLY_ACTIVE_ARCH = YES;
				SDKROOT = iphoneos;
				SWIFT_ACTIVE_COMPILATION_CONDITIONS = "DEBUG $(inherited)";
				SWIFT_OPTIMIZATION_LEVEL = "-Onone";
			};
			name = Debug;
		};
		37782CF32C8E803D00913A91 /* Release */ = {
			isa = XCBuildConfiguration;
			buildSettings = {
				ALWAYS_SEARCH_USER_PATHS = NO;
				ASSETCATALOG_COMPILER_GENERATE_SWIFT_ASSET_SYMBOL_EXTENSIONS = YES;
				CLANG_ANALYZER_NONNULL = YES;
				CLANG_ANALYZER_NUMBER_OBJECT_CONVERSION = YES_AGGRESSIVE;
				CLANG_CXX_LANGUAGE_STANDARD = "gnu++20";
				CLANG_ENABLE_MODULES = YES;
				CLANG_ENABLE_OBJC_ARC = YES;
				CLANG_ENABLE_OBJC_WEAK = YES;
				CLANG_WARN_BLOCK_CAPTURE_AUTORELEASING = YES;
				CLANG_WARN_BOOL_CONVERSION = YES;
				CLANG_WARN_COMMA = YES;
				CLANG_WARN_CONSTANT_CONVERSION = YES;
				CLANG_WARN_DEPRECATED_OBJC_IMPLEMENTATIONS = YES;
				CLANG_WARN_DIRECT_OBJC_ISA_USAGE = YES_ERROR;
				CLANG_WARN_DOCUMENTATION_COMMENTS = YES;
				CLANG_WARN_EMPTY_BODY = YES;
				CLANG_WARN_ENUM_CONVERSION = YES;
				CLANG_WARN_INFINITE_RECURSION = YES;
				CLANG_WARN_INT_CONVERSION = YES;
				CLANG_WARN_NON_LITERAL_NULL_CONVERSION = YES;
				CLANG_WARN_OBJC_IMPLICIT_RETAIN_SELF = YES;
				CLANG_WARN_OBJC_LITERAL_CONVERSION = YES;
				CLANG_WARN_OBJC_ROOT_CLASS = YES_ERROR;
				CLANG_WARN_QUOTED_INCLUDE_IN_FRAMEWORK_HEADER = YES;
				CLANG_WARN_RANGE_LOOP_ANALYSIS = YES;
				CLANG_WARN_STRICT_PROTOTYPES = YES;
				CLANG_WARN_SUSPICIOUS_MOVE = YES;
				CLANG_WARN_UNGUARDED_AVAILABILITY = YES_AGGRESSIVE;
				CLANG_WARN_UNREACHABLE_CODE = YES;
				CLANG_WARN__DUPLICATE_METHOD_MATCH = YES;
				COPY_PHASE_STRIP = NO;
				DEBUG_INFORMATION_FORMAT = "dwarf-with-dsym";
				ENABLE_NS_ASSERTIONS = NO;
				ENABLE_STRICT_OBJC_MSGSEND = YES;
				ENABLE_USER_SCRIPT_SANDBOXING = YES;
				GCC_C_LANGUAGE_STANDARD = gnu17;
				GCC_NO_COMMON_BLOCKS = YES;
				GCC_WARN_64_TO_32_BIT_CONVERSION = YES;
				GCC_WARN_ABOUT_RETURN_TYPE = YES_ERROR;
				GCC_WARN_UNDECLARED_SELECTOR = YES;
				GCC_WARN_UNINITIALIZED_AUTOS = YES_AGGRESSIVE;
				GCC_WARN_UNUSED_FUNCTION = YES;
				GCC_WARN_UNUSED_VARIABLE = YES;
				IPHONEOS_DEPLOYMENT_TARGET = 17.5;
				LOCALIZATION_PREFERS_STRING_CATALOGS = YES;
				MTL_ENABLE_DEBUG_INFO = NO;
				MTL_FAST_MATH = YES;
				SDKROOT = iphoneos;
				SWIFT_COMPILATION_MODE = wholemodule;
				VALIDATE_PRODUCT = YES;
			};
			name = Release;
		};
		37782CF52C8E803D00913A91 /* Debug */ = {
			isa = XCBuildConfiguration;
			buildSettings = {
				ASSETCATALOG_COMPILER_APPICON_NAME = AppIcon;
				ASSETCATALOG_COMPILER_GLOBAL_ACCENT_COLOR_NAME = AccentColor;
				CODE_SIGN_STYLE = Automatic;
				CURRENT_PROJECT_VERSION = 1;
				DEVELOPMENT_ASSET_PATHS = "\"SwiftApp/Preview Content\"";
				ENABLE_PREVIEWS = YES;
				GENERATE_INFOPLIST_FILE = YES;
				INFOPLIST_FILE = SwiftApp/Info.plist;
				INFOPLIST_KEY_UIApplicationSceneManifest_Generation = YES;
				INFOPLIST_KEY_UIApplicationSupportsIndirectInputEvents = YES;
				INFOPLIST_KEY_UILaunchScreen_Generation = YES;
				INFOPLIST_KEY_UISupportedInterfaceOrientations_iPad = "UIInterfaceOrientationPortrait UIInterfaceOrientationPortraitUpsideDown UIInterfaceOrientationLandscapeLeft UIInterfaceOrientationLandscapeRight";
				INFOPLIST_KEY_UISupportedInterfaceOrientations_iPhone = "UIInterfaceOrientationPortrait UIInterfaceOrientationLandscapeLeft UIInterfaceOrientationLandscapeRight";
				IPHONEOS_DEPLOYMENT_TARGET = 15.0;
				LD_RUNPATH_SEARCH_PATHS = (
					"$(inherited)",
					"@executable_path/Frameworks",
				);
				MARKETING_VERSION = 1.0;
				PRODUCT_BUNDLE_IDENTIFIER = Andlet.SwiftApp;
				PRODUCT_NAME = "$(TARGET_NAME)";
				SWIFT_EMIT_LOC_STRINGS = YES;
				SWIFT_VERSION = 5.0;
				TARGETED_DEVICE_FAMILY = "1,2";
			};
			name = Debug;
		};
		37782CF62C8E803D00913A91 /* Release */ = {
			isa = XCBuildConfiguration;
			buildSettings = {
				ASSETCATALOG_COMPILER_APPICON_NAME = AppIcon;
				ASSETCATALOG_COMPILER_GLOBAL_ACCENT_COLOR_NAME = AccentColor;
				CODE_SIGN_STYLE = Automatic;
				CURRENT_PROJECT_VERSION = 1;
				DEVELOPMENT_ASSET_PATHS = "\"SwiftApp/Preview Content\"";
				ENABLE_PREVIEWS = YES;
				GENERATE_INFOPLIST_FILE = YES;
				INFOPLIST_FILE = SwiftApp/Info.plist;
				INFOPLIST_KEY_UIApplicationSceneManifest_Generation = YES;
				INFOPLIST_KEY_UIApplicationSupportsIndirectInputEvents = YES;
				INFOPLIST_KEY_UILaunchScreen_Generation = YES;
				INFOPLIST_KEY_UISupportedInterfaceOrientations_iPad = "UIInterfaceOrientationPortrait UIInterfaceOrientationPortraitUpsideDown UIInterfaceOrientationLandscapeLeft UIInterfaceOrientationLandscapeRight";
				INFOPLIST_KEY_UISupportedInterfaceOrientations_iPhone = "UIInterfaceOrientationPortrait UIInterfaceOrientationLandscapeLeft UIInterfaceOrientationLandscapeRight";
				IPHONEOS_DEPLOYMENT_TARGET = 15.0;
				LD_RUNPATH_SEARCH_PATHS = (
					"$(inherited)",
					"@executable_path/Frameworks",
				);
				MARKETING_VERSION = 1.0;
				PRODUCT_BUNDLE_IDENTIFIER = Andlet.SwiftApp;
				PRODUCT_NAME = "$(TARGET_NAME)";
				SWIFT_EMIT_LOC_STRINGS = YES;
				SWIFT_VERSION = 5.0;
				TARGETED_DEVICE_FAMILY = "1,2";
			};
			name = Release;
		};
		37782CF82C8E803D00913A91 /* Debug */ = {
			isa = XCBuildConfiguration;
			buildSettings = {
				ALWAYS_EMBED_SWIFT_STANDARD_LIBRARIES = YES;
				BUNDLE_LOADER = "$(TEST_HOST)";
				CODE_SIGN_STYLE = Automatic;
				CURRENT_PROJECT_VERSION = 1;
				GENERATE_INFOPLIST_FILE = YES;
				IPHONEOS_DEPLOYMENT_TARGET = 15.0;
				MARKETING_VERSION = 1.0;
				PRODUCT_BUNDLE_IDENTIFIER = Andlet.SwiftAppTests;
				PRODUCT_NAME = "$(TARGET_NAME)";
				SWIFT_EMIT_LOC_STRINGS = NO;
				SWIFT_VERSION = 5.0;
				TARGETED_DEVICE_FAMILY = "1,2";
				TEST_HOST = "$(BUILT_PRODUCTS_DIR)/SwiftApp.app/$(BUNDLE_EXECUTABLE_FOLDER_PATH)/SwiftApp";
			};
			name = Debug;
		};
		37782CF92C8E803D00913A91 /* Release */ = {
			isa = XCBuildConfiguration;
			buildSettings = {
				ALWAYS_EMBED_SWIFT_STANDARD_LIBRARIES = YES;
				BUNDLE_LOADER = "$(TEST_HOST)";
				CODE_SIGN_STYLE = Automatic;
				CURRENT_PROJECT_VERSION = 1;
				GENERATE_INFOPLIST_FILE = YES;
				IPHONEOS_DEPLOYMENT_TARGET = 15.0;
				MARKETING_VERSION = 1.0;
				PRODUCT_BUNDLE_IDENTIFIER = Andlet.SwiftAppTests;
				PRODUCT_NAME = "$(TARGET_NAME)";
				SWIFT_EMIT_LOC_STRINGS = NO;
				SWIFT_VERSION = 5.0;
				TARGETED_DEVICE_FAMILY = "1,2";
				TEST_HOST = "$(BUILT_PRODUCTS_DIR)/SwiftApp.app/$(BUNDLE_EXECUTABLE_FOLDER_PATH)/SwiftApp";
			};
			name = Release;
		};
		37782CFB2C8E803D00913A91 /* Debug */ = {
			isa = XCBuildConfiguration;
			buildSettings = {
				ALWAYS_EMBED_SWIFT_STANDARD_LIBRARIES = YES;
				CODE_SIGN_STYLE = Automatic;
				CURRENT_PROJECT_VERSION = 1;
				GENERATE_INFOPLIST_FILE = YES;
				IPHONEOS_DEPLOYMENT_TARGET = 15.0;
				MARKETING_VERSION = 1.0;
				PRODUCT_BUNDLE_IDENTIFIER = Andlet.SwiftAppUITests;
				PRODUCT_NAME = "$(TARGET_NAME)";
				SWIFT_EMIT_LOC_STRINGS = NO;
				SWIFT_VERSION = 5.0;
				TARGETED_DEVICE_FAMILY = "1,2";
				TEST_TARGET_NAME = SwiftApp;
			};
			name = Debug;
		};
		37782CFC2C8E803D00913A91 /* Release */ = {
			isa = XCBuildConfiguration;
			buildSettings = {
				ALWAYS_EMBED_SWIFT_STANDARD_LIBRARIES = YES;
				CODE_SIGN_STYLE = Automatic;
				CURRENT_PROJECT_VERSION = 1;
				GENERATE_INFOPLIST_FILE = YES;
				IPHONEOS_DEPLOYMENT_TARGET = 15.0;
				MARKETING_VERSION = 1.0;
				PRODUCT_BUNDLE_IDENTIFIER = Andlet.SwiftAppUITests;
				PRODUCT_NAME = "$(TARGET_NAME)";
				SWIFT_EMIT_LOC_STRINGS = NO;
				SWIFT_VERSION = 5.0;
				TARGETED_DEVICE_FAMILY = "1,2";
				TEST_TARGET_NAME = SwiftApp;
			};
			name = Release;
		};
/* End XCBuildConfiguration section */

/* Begin XCConfigurationList section */
		37782CCB2C8E803C00913A91 /* Build configuration list for PBXProject "SwiftApp" */ = {
			isa = XCConfigurationList;
			buildConfigurations = (
				37782CF22C8E803D00913A91 /* Debug */,
				37782CF32C8E803D00913A91 /* Release */,
			);
			defaultConfigurationIsVisible = 0;
			defaultConfigurationName = Release;
		};
		37782CF42C8E803D00913A91 /* Build configuration list for PBXNativeTarget "SwiftApp" */ = {
			isa = XCConfigurationList;
			buildConfigurations = (
				37782CF52C8E803D00913A91 /* Debug */,
				37782CF62C8E803D00913A91 /* Release */,
			);
			defaultConfigurationIsVisible = 0;
			defaultConfigurationName = Release;
		};
		37782CF72C8E803D00913A91 /* Build configuration list for PBXNativeTarget "SwiftAppTests" */ = {
			isa = XCConfigurationList;
			buildConfigurations = (
				37782CF82C8E803D00913A91 /* Debug */,
				37782CF92C8E803D00913A91 /* Release */,
			);
			defaultConfigurationIsVisible = 0;
			defaultConfigurationName = Release;
		};
		37782CFA2C8E803D00913A91 /* Build configuration list for PBXNativeTarget "SwiftAppUITests" */ = {
			isa = XCConfigurationList;
			buildConfigurations = (
				37782CFB2C8E803D00913A91 /* Debug */,
				37782CFC2C8E803D00913A91 /* Release */,
			);
			defaultConfigurationIsVisible = 0;
			defaultConfigurationName = Release;
		};
/* End XCConfigurationList section */

/* Begin XCRemoteSwiftPackageReference section */
		37DA1F4B2C9720D700880A36 /* XCRemoteSwiftPackageReference "firebase-ios-sdk" */ = {
			isa = XCRemoteSwiftPackageReference;
			repositoryURL = "https://github.com/firebase/firebase-ios-sdk";
			requirement = {
				kind = upToNextMajorVersion;
				minimumVersion = 11.2.0;
			};
		};
/* End XCRemoteSwiftPackageReference section */

/* Begin XCSwiftPackageProductDependency section */
		37DA1F4C2C9720D700880A36 /* FirebaseAnalytics */ = {
			isa = XCSwiftPackageProductDependency;
			package = 37DA1F4B2C9720D700880A36 /* XCRemoteSwiftPackageReference "firebase-ios-sdk" */;
			productName = FirebaseAnalytics;
		};
		37DA1F4E2C9720D700880A36 /* FirebaseAuth */ = {
			isa = XCSwiftPackageProductDependency;
			package = 37DA1F4B2C9720D700880A36 /* XCRemoteSwiftPackageReference "firebase-ios-sdk" */;
			productName = FirebaseAuth;
		};
		37DA1F502C9720D700880A36 /* FirebaseCrashlytics */ = {
			isa = XCSwiftPackageProductDependency;
			package = 37DA1F4B2C9720D700880A36 /* XCRemoteSwiftPackageReference "firebase-ios-sdk" */;
			productName = FirebaseCrashlytics;
		};
		37DA1F522C9720D700880A36 /* FirebaseDatabase */ = {
			isa = XCSwiftPackageProductDependency;
			package = 37DA1F4B2C9720D700880A36 /* XCRemoteSwiftPackageReference "firebase-ios-sdk" */;
			productName = FirebaseDatabase;
		};
		37DA1F542C9720D700880A36 /* FirebaseFirestore */ = {
			isa = XCSwiftPackageProductDependency;
			package = 37DA1F4B2C9720D700880A36 /* XCRemoteSwiftPackageReference "firebase-ios-sdk" */;
			productName = FirebaseFirestore;
		};
/* End XCSwiftPackageProductDependency section */
	};
	rootObject = 37782CC82C8E803C00913A91 /* Project object */;
}
